
Microsoft Visual Studio Solution File, Format Version 12.00
# Visual Studio Version 16
VisualStudioVersion = 16.0.29519.87
MinimumVisualStudioVersion = 10.0.40219.1
Project("{FAE04EC0-301F-11D3-BF4B-00C04F79EFBC}") = "Dania Kalender Datamodel", "Dania Kalender Datamodel\Dania Kalender Datamodel.csproj", "{AC3F0ADB-EA68-4E8E-B7C5-3776AA225B6B}"
EndProject
Global
	GlobalSection(SolutionConfigurationPlatforms) = preSolution
		Debug|Any CPU = Debug|Any CPU
		Release|Any CPU = Release|Any CPU
	EndGlobalSection
	GlobalSection(ProjectConfigurationPlatforms) = postSolution
		{AC3F0ADB-EA68-4E8E-B7C5-3776AA225B6B}.Debug|Any CPU.ActiveCfg = Release|Any CPU
		{AC3F0ADB-EA68-4E8E-B7C5-3776AA225B6B}.Debug|Any CPU.Build.0 = Release|Any CPU
		{AC3F0ADB-EA68-4E8E-B7C5-3776AA225B6B}.Release|Any CPU.ActiveCfg = Release|Any CPU
		{AC3F0ADB-EA68-4E8E-B7C5-3776AA225B6B}.Release|Any CPU.Build.0 = Release|Any CPU
	EndGlobalSection
	GlobalSection(SolutionProperties) = preSolution
		HideSolutionNode = FALSE
	EndGlobalSection
	GlobalSection(ExtensibilityGlobals) = postSolution
		SolutionGuid = {BBE7332C-DA06-46C7-840F-274BABB7D10A}
	EndGlobalSection
EndGlobal
